
Microsoft Visual Studio Solution File, Format Version 12.00
# Visual Studio 15
VisualStudioVersion = 15.0.28307.902
MinimumVisualStudioVersion = 10.0.40219.1
Project("{FAE04EC0-301F-11D3-BF4B-00C04F79EFBC}") = "CIS3342-TermProject", "CIS3342-TermProject\CIS3342-TermProject.csproj", "{DBFB09F8-AE8B-48B3-9DAC-015AD8881A14}"
EndProject
Project("{FAE04EC0-301F-11D3-BF4B-00C04F79EFBC}") = "EcommerceLibrary", "EcommerceLibrary\EcommerceLibrary.csproj", "{821C4038-50A9-4CA9-9C0F-93C9BE279E39}"
EndProject
Project("{FAE04EC0-301F-11D3-BF4B-00C04F79EFBC}") = "WebAPI", "WebAPI\WebAPI.csproj", "{6EC297CE-2099-455D-ADDD-DC8D8D4ECB53}"
EndProject
Global
	GlobalSection(SolutionConfigurationPlatforms) = preSolution
		Debug|Any CPU = Debug|Any CPU
		Release|Any CPU = Release|Any CPU
	EndGlobalSection
	GlobalSection(ProjectConfigurationPlatforms) = postSolution
		{DBFB09F8-AE8B-48B3-9DAC-015AD8881A14}.Debug|Any CPU.ActiveCfg = Debug|Any CPU
		{DBFB09F8-AE8B-48B3-9DAC-015AD8881A14}.Debug|Any CPU.Build.0 = Debug|Any CPU
		{DBFB09F8-AE8B-48B3-9DAC-015AD8881A14}.Release|Any CPU.ActiveCfg = Release|Any CPU
		{DBFB09F8-AE8B-48B3-9DAC-015AD8881A14}.Release|Any CPU.Build.0 = Release|Any CPU
		{821C4038-50A9-4CA9-9C0F-93C9BE279E39}.Debug|Any CPU.ActiveCfg = Debug|Any CPU
		{821C4038-50A9-4CA9-9C0F-93C9BE279E39}.Debug|Any CPU.Build.0 = Debug|Any CPU
		{821C4038-50A9-4CA9-9C0F-93C9BE279E39}.Release|Any CPU.ActiveCfg = Release|Any CPU
		{821C4038-50A9-4CA9-9C0F-93C9BE279E39}.Release|Any CPU.Build.0 = Release|Any CPU
		{6EC297CE-2099-455D-ADDD-DC8D8D4ECB53}.Debug|Any CPU.ActiveCfg = Debug|Any CPU
		{6EC297CE-2099-455D-ADDD-DC8D8D4ECB53}.Debug|Any CPU.Build.0 = Debug|Any CPU
		{6EC297CE-2099-455D-ADDD-DC8D8D4ECB53}.Release|Any CPU.ActiveCfg = Release|Any CPU
		{6EC297CE-2099-455D-ADDD-DC8D8D4ECB53}.Release|Any CPU.Build.0 = Release|Any CPU
	EndGlobalSection
	GlobalSection(SolutionProperties) = preSolution
		HideSolutionNode = FALSE
	EndGlobalSection
	GlobalSection(ExtensibilityGlobals) = postSolution
		SolutionGuid = {3729AE1C-3A0E-48AF-B050-37092262894A}
	EndGlobalSection
EndGlobal
